
Microsoft Visual Studio Solution File, Format Version 12.00
# Visual Studio Version 16
VisualStudioVersion = 16.0.28922.388
MinimumVisualStudioVersion = 10.0.40219.1
Project("{FAE04EC0-301F-11D3-BF4B-00C04F79EFBC}") = "HelloWorldService", "HelloWorldService\HelloWorldService.csproj", "{FBB73CF6-AB32-4DD9-9150-3FC43AAA278D}"
EndProject
Project("{FAE04EC0-301F-11D3-BF4B-00C04F79EFBC}") = "HostDevServer", "HostDevServer\HostDevServer.csproj", "{6910C2F5-71DF-49DC-8954-DE771D64856C}"
EndProject
Project("{FAE04EC0-301F-11D3-BF4B-00C04F79EFBC}") = "HelloWorldClient", "HelloWorldClient\HelloWorldClient.csproj", "{21769B19-5CC1-4550-B289-DB9701CB7EDB}"
EndProject
Global
	GlobalSection(SolutionConfigurationPlatforms) = preSolution
		Debug|Any CPU = Debug|Any CPU
		Release|Any CPU = Release|Any CPU
	EndGlobalSection
	GlobalSection(ProjectConfigurationPlatforms) = postSolution
		{FBB73CF6-AB32-4DD9-9150-3FC43AAA278D}.Debug|Any CPU.ActiveCfg = Debug|Any CPU
		{FBB73CF6-AB32-4DD9-9150-3FC43AAA278D}.Debug|Any CPU.Build.0 = Debug|Any CPU
		{FBB73CF6-AB32-4DD9-9150-3FC43AAA278D}.Release|Any CPU.ActiveCfg = Release|Any CPU
		{FBB73CF6-AB32-4DD9-9150-3FC43AAA278D}.Release|Any CPU.Build.0 = Release|Any CPU
		{6910C2F5-71DF-49DC-8954-DE771D64856C}.Debug|Any CPU.ActiveCfg = Debug|Any CPU
		{6910C2F5-71DF-49DC-8954-DE771D64856C}.Debug|Any CPU.Build.0 = Debug|Any CPU
		{6910C2F5-71DF-49DC-8954-DE771D64856C}.Release|Any CPU.ActiveCfg = Release|Any CPU
		{6910C2F5-71DF-49DC-8954-DE771D64856C}.Release|Any CPU.Build.0 = Release|Any CPU
		{21769B19-5CC1-4550-B289-DB9701CB7EDB}.Debug|Any CPU.ActiveCfg = Debug|Any CPU
		{21769B19-5CC1-4550-B289-DB9701CB7EDB}.Debug|Any CPU.Build.0 = Debug|Any CPU
		{21769B19-5CC1-4550-B289-DB9701CB7EDB}.Release|Any CPU.ActiveCfg = Release|Any CPU
		{21769B19-5CC1-4550-B289-DB9701CB7EDB}.Release|Any CPU.Build.0 = Release|Any CPU
	EndGlobalSection
	GlobalSection(SolutionProperties) = preSolution
		HideSolutionNode = FALSE
	EndGlobalSection
	GlobalSection(ExtensibilityGlobals) = postSolution
		SolutionGuid = {D24563E1-4130-4735-9DAC-B9E05EAB2DEA}
	EndGlobalSection
EndGlobal
